
Microsoft Visual Studio Solution File, Format Version 10.00
# Visual Studio 2008
Project("{8BC9CEB8-8B4A-11D0-8D11-00A0C91BC942}") = "VTest", "VTest.vcproj", "{8AA647AC-A910-4C9E-BFF1-FE9016DA026E}"
	GlobalSection(Qt) = preSolution
		Integration = True
	EndGlobalSection
EndProject
Global
	GlobalSection(SolutionConfigurationPlatforms) = preSolution
		Debug|Win32 = Debug|Win32
		Release|Win32 = Release|Win32
	EndGlobalSection
	GlobalSection(ProjectConfigurationPlatforms) = postSolution
		{8AA647AC-A910-4C9E-BFF1-FE9016DA026E}.Debug|Win32.ActiveCfg = Debug|Win32
		{8AA647AC-A910-4C9E-BFF1-FE9016DA026E}.Debug|Win32.Build.0 = Debug|Win32
		{8AA647AC-A910-4C9E-BFF1-FE9016DA026E}.Release|Win32.ActiveCfg = Release|Win32
		{8AA647AC-A910-4C9E-BFF1-FE9016DA026E}.Release|Win32.Build.0 = Release|Win32
	EndGlobalSection
	GlobalSection(SolutionProperties) = preSolution
		HideSolutionNode = FALSE
	EndGlobalSection
	GlobalSection(SubversionScc) = preSolution
		Svn-Managed = True
		Manager = AnkhSVN - Subversion Support for Visual Studio
	EndGlobalSection
EndGlobal
